PODS:
  - Capacitor (8.5.2):
    - CapacitorCordova
  - CapacitorApp (8.1.1):
    - Capacitor
  - CapacitorCordova (8.5.2)
  - LuminaryMediaConverterPlayerNative (0.0.1):
    - Capacitor

DEPENDENCIES:
  - "Capacitor (from `../../../../node_modules/@capacitor/ios`)"
  - "CapacitorApp (from `../../../../node_modules/@capacitor/app`)"
  - "CapacitorCordova (from `../../../../node_modules/@capacitor/ios`)"
  - LuminaryMediaConverterPlayerNative (from `../../..`)

EXTERNAL SOURCES:
  Capacitor:
    :path: "../../../../node_modules/@capacitor/ios"
  CapacitorApp:
    :path: "../../../../node_modules/@capacitor/app"
  CapacitorCordova:
    :path: "../../../../node_modules/@capacitor/ios"
  LuminaryMediaConverterPlayerNative:
    :path: "../../.."

SPEC CHECKSUMS:
  Capacitor: 89067779e14fb7ea56af07b4817f45d1f0c2a269
  CapacitorApp: 305bd13c44f6f9d164e2ee66a4faa956ed8c0e06
  CapacitorCordova: 5bec5648cbd09a176ce34ce5e7b6cdabb2c8a327
  LuminaryMediaConverterPlayerNative: 24bfb49ba310acb4b8c635a4c7fa2f5a9cb7169d

PODFILE CHECKSUM: 8d354920a449d2410b5dc80d36673b864c9c26ef

COCOAPODS: 1.17.0
